// !$*UTF8*$!
{
	archiveVersion = 1;
	classes = {
	};
	objectVersion = 46;
	objects = {

/* Begin PBXBuildFile section */
		7B05E6D31DF485210043B8FD /* AppDelegate.swift in Sources */ = {isa = PBXBuildFile; fileRef = 7B05E6D21DF485210043B8FD /* AppDelegate.swift */; };
		7B05E6D71DF485210043B8FD /* locationViewController.swift in Sources */ = {isa = PBXBuildFile; fileRef = 7B05E6D61DF485210043B8FD /* locationViewController.swift */; };
		7B05E6DA1DF485210043B8FD /* Main.storyboard in Resources */ = {isa = PBXBuildFile; fileRef = 7B05E6D81DF485210043B8FD /* Main.storyboard */; };
		7B05E6DC1DF485210043B8FD /* Assets.xcassets in Resources */ = {isa = PBXBuildFile; fileRef = 7B05E6DB1DF485210043B8FD /* Assets.xcassets */; };
		7B05E6DF1DF485210043B8FD /* LaunchScreen.storyboard in Resources */ = {isa = PBXBuildFile; fileRef = 7B05E6DD1DF485210043B8FD /* LaunchScreen.storyboard */; };
		7B05E6E81DF4967E0043B8FD /* MapKit.framework in Frameworks */ = {isa = PBXBuildFile; fileRef = 7B05E6E71DF4967E0043B8FD /* MapKit.framework */; };
		7B05E6EA1DF4B2D80043B8FD /* locationManagerController.swift in Sources */ = {isa = PBXBuildFile; fileRef = 7B05E6E91DF4B2D80043B8FD /* locationManagerController.swift */; };
		7BAE32481DF5CDE900181848 /* LoggedLocationsTableViewController.swift in Sources */ = {isa = PBXBuildFile; fileRef = 7BAE32471DF5CDE900181848 /* LoggedLocationsTableViewController.swift */; };
		7BAE324A1DF5CE4300181848 /* loggedLocation.swift in Sources */ = {isa = PBXBuildFile; fileRef = 7BAE32491DF5CE4300181848 /* loggedLocation.swift */; };
		7BAE324C1DF5EA7500181848 /* AddDetailsViewController.swift in Sources */ = {isa = PBXBuildFile; fileRef = 7BAE324B1DF5EA7500181848 /* AddDetailsViewController.swift */; };
		7BDFE12E1DF5C92E009437BD /* LoggedLocationTableViewCell.swift in Sources */ = {isa = PBXBuildFile; fileRef = 7BDFE12D1DF5C92E009437BD /* LoggedLocationTableViewCell.swift */; };
/* End PBXBuildFile section */

/* Begin PBXFileReference section */
		7B05E6CF1DF485210043B8FD /* WheresMyCar.app */ = {isa = PBXFileReference; explicitFileType = wrapper.application; includeInIndex = 0; path = WheresMyCar.app; sourceTree = BUILT_PRODUCTS_DIR; };
		7B05E6D21DF485210043B8FD /* AppDelegate.swift */ = {isa = PBXFileReference; lastKnownFileType = sourcecode.swift; path = AppDelegate.swift; sourceTree = "<group>"; };
		7B05E6D61DF485210043B8FD /* locationViewController.swift */ = {isa = PBXFileReference; lastKnownFileType = sourcecode.swift; path = locationViewController.swift; sourceTree = "<group>"; };
		7B05E6D91DF485210043B8FD /* Base */ = {isa = PBXFileReference; lastKnownFileType = file.storyboard; name = Base; path = Base.lproj/Main.storyboard; sourceTree = "<group>"; };
		7B05E6DB1DF485210043B8FD /* Assets.xcassets */ = {isa = PBXFileReference; lastKnownFileType = folder.assetcatalog; path = Assets.xcassets; sourceTree = "<group>"; };
		7B05E6DE1DF485210043B8FD /* Base */ = {isa = PBXFileReference; lastKnownFileType = file.storyboard; name = Base; path = Base.lproj/LaunchScreen.storyboard; sourceTree = "<group>"; };
		7B05E6E01DF485210043B8FD /* Info.plist */ = {isa = PBXFileReference; lastKnownFileType = text.plist.xml; path = Info.plist; sourceTree = "<group>"; };
		7B05E6E71DF4967E0043B8FD /* MapKit.framework */ = {isa = PBXFileReference; lastKnownFileType = wrapper.framework; name = MapKit.framework; path = System/Library/Frameworks/MapKit.framework; sourceTree = SDKROOT; };
		7B05E6E91DF4B2D80043B8FD /* locationManagerController.swift */ = {isa = PBXFileReference; fileEncoding = 4; lastKnownFileType = sourcecode.swift; name = locationManagerController.swift; path = ../locationManagerController.swift; sourceTree = "<group>"; };
		7BAE32471DF5CDE900181848 /* LoggedLocationsTableViewController.swift */ = {isa = PBXFileReference; fileEncoding = 4; lastKnownFileType = sourcecode.swift; path = LoggedLocationsTableViewController.swift; sourceTree = "<group>"; };
		7BAE32491DF5CE4300181848 /* loggedLocation.swift */ = {isa = PBXFileReference; fileEncoding = 4; lastKnownFileType = sourcecode.swift; path = loggedLocation.swift; sourceTree = "<group>"; };
		7BAE324B1DF5EA7500181848 /* AddDetailsViewController.swift */ = {isa = PBXFileReference; fileEncoding = 4; lastKnownFileType = sourcecode.swift; path = AddDetailsViewController.swift; sourceTree = "<group>"; };
		7BDFE12D1DF5C92E009437BD /* LoggedLocationTableViewCell.swift */ = {isa = PBXFileReference; fileEncoding = 4; lastKnownFileType = sourcecode.swift; path = LoggedLocationTableViewCell.swift; sourceTree = "<group>"; };
/* End PBXFileReference section */

/* Begin PBXFrameworksBuildPhase section */
		7B05E6CC1DF485210043B8FD /* Frameworks */ = {
			isa = PBXFrameworksBuildPhase;
			buildActionMask = 2147483647;
			files = (
				7B05E6E81DF4967E0043B8FD /* MapKit.framework in Frameworks */,
			);
			runOnlyForDeploymentPostprocessing = 0;
		};
/* End PBXFrameworksBuildPhase section */

/* Begin PBXGroup section */
		7B05E6C61DF485210043B8FD = {
			isa = PBXGroup;
			children = (
				7B05E6D11DF485210043B8FD /* WheresMyCar */,
				7B05E6D01DF485210043B8FD /* Products */,
				7B05E6E61DF4967E0043B8FD /* Frameworks */,
			);
			sourceTree = "<group>";
		};
		7B05E6D01DF485210043B8FD /* Products */ = {
			isa = PBXGroup;
			children = (
				7B05E6CF1DF485210043B8FD /* WheresMyCar.app */,
			);
			name = Products;
			sourceTree = "<group>";
		};
		7B05E6D11DF485210043B8FD /* WheresMyCar */ = {
			isa = PBXGroup;
			children = (
				7B05E6D21DF485210043B8FD /* AppDelegate.swift */,
				7B05E6E91DF4B2D80043B8FD /* locationManagerController.swift */,
				7B05E6D61DF485210043B8FD /* locationViewController.swift */,
				7BAE324B1DF5EA7500181848 /* AddDetailsViewController.swift */,
				7B05E6D81DF485210043B8FD /* Main.storyboard */,
				7BAE32471DF5CDE900181848 /* LoggedLocationsTableViewController.swift */,
				7BAE32491DF5CE4300181848 /* loggedLocation.swift */,
				7BDFE12D1DF5C92E009437BD /* LoggedLocationTableViewCell.swift */,
				7B05E6DB1DF485210043B8FD /* Assets.xcassets */,
				7B05E6DD1DF485210043B8FD /* LaunchScreen.storyboard */,
				7B05E6E01DF485210043B8FD /* Info.plist */,
			);
			path = WheresMyCar;
			sourceTree = "<group>";
		};
		7B05E6E61DF4967E0043B8FD /* Frameworks */ = {
			isa = PBXGroup;
			children = (
				7B05E6E71DF4967E0043B8FD /* MapKit.framework */,
			);
			name = Frameworks;
			sourceTree = "<group>";
		};
/* End PBXGroup section */

/* Begin PBXNativeTarget section */
		7B05E6CE1DF485210043B8FD /* WheresMyCar */ = {
			isa = PBXNativeTarget;
			buildConfigurationList = 7B05E6E31DF485210043B8FD /* Build configuration list for PBXNativeTarget "WheresMyCar" */;
			buildPhases = (
				7B05E6CB1DF485210043B8FD /* Sources */,
				7B05E6CC1DF485210043B8FD /* Frameworks */,
				7B05E6CD1DF485210043B8FD /* Resources */,
			);
			buildRules = (
			);
			dependencies = (
			);
			name = WheresMyCar;
			productName = WheresMyCar;
			productReference = 7B05E6CF1DF485210043B8FD /* WheresMyCar.app */;
			productType = "com.apple.product-type.application";
		};
/* End PBXNativeTarget section */

/* Begin PBXProject section */
		7B05E6C71DF485210043B8FD /* Project object */ = {
			isa = PBXProject;
			attributes = {
				LastSwiftUpdateCheck = 0810;
				LastUpgradeCheck = 0810;
				ORGANIZATIONNAME = "Matthew Joyce";
				TargetAttributes = {
					7B05E6CE1DF485210043B8FD = {
						CreatedOnToolsVersion = 8.1;
						DevelopmentTeam = JBZ7PHBWR2;
						ProvisioningStyle = Automatic;
						SystemCapabilities = {
							com.apple.Maps.iOS = {
								enabled = 1;
							};
						};
					};
				};
			};
			buildConfigurationList = 7B05E6CA1DF485210043B8FD /* Build configuration list for PBXProject "WheresMyCar" */;
			compatibilityVersion = "Xcode 3.2";
			developmentRegion = English;
			hasScannedForEncodings = 0;
			knownRegions = (
				en,
				Base,
			);
			mainGroup = 7B05E6C61DF485210043B8FD;
			productRefGroup = 7B05E6D01DF485210043B8FD /* Products */;
			projectDirPath = "";
			projectRoot = "";
			targets = (
				7B05E6CE1DF485210043B8FD /* WheresMyCar */,
			);
		};
/* End PBXProject section */

/* Begin PBXResourcesBuildPhase section */
		7B05E6CD1DF485210043B8FD /* Resources */ = {
			isa = PBXResourcesBuildPhase;
			buildActionMask = 2147483647;
			files = (
				7B05E6DF1DF485210043B8FD /* LaunchScreen.storyboard in Resources */,
				7B05E6DC1DF485210043B8FD /* Assets.xcassets in Resources */,
				7B05E6DA1DF485210043B8FD /* Main.storyboard in Resources */,
			);
			runOnlyForDeploymentPostprocessing = 0;
		};
/* End PBXResourcesBuildPhase section */

/* Begin PBXSourcesBuildPhase section */
		7B05E6CB1DF485210043B8FD /* Sources */ = {
			isa = PBXSourcesBuildPhase;
			buildActionMask = 2147483647;
			files = (
				7BAE32481DF5CDE900181848 /* LoggedLocationsTableViewController.swift in Sources */,
				7BAE324C1DF5EA7500181848 /* AddDetailsViewController.swift in Sources */,
				7B05E6D71DF485210043B8FD /* locationViewController.swift in Sources */,
				7BAE324A1DF5CE4300181848 /* loggedLocation.swift in Sources */,
				7B05E6D31DF485210043B8FD /* AppDelegate.swift in Sources */,
				7BDFE12E1DF5C92E009437BD /* LoggedLocationTableViewCell.swift in Sources */,
				7B05E6EA1DF4B2D80043B8FD /* locationManagerController.swift in Sources */,
			);
			runOnlyForDeploymentPostprocessing = 0;
		};
/* End PBXSourcesBuildPhase section */

/* Begin PBXVariantGroup section */
		7B05E6D81DF485210043B8FD /* Main.storyboard */ = {
			isa = PBXVariantGroup;
			children = (
				7B05E6D91DF485210043B8FD /* Base */,
			);
			name = Main.storyboard;
			sourceTree = "<group>";
		};
		7B05E6DD1DF485210043B8FD /* LaunchScreen.storyboard */ = {
			isa = PBXVariantGroup;
			children = (
				7B05E6DE1DF485210043B8FD /* Base */,
			);
			name = LaunchScreen.storyboard;
			sourceTree = "<group>";
		};
/* End PBXVariantGroup section */

/* Begin XCBuildConfiguration section */
		7B05E6E11DF485210043B8FD /* Debug */ = {
			isa = XCBuildConfiguration;
			buildSettings = {
				ALWAYS_SEARCH_USER_PATHS = NO;
				CLANG_ANALYZER_NONNULL = YES;
				CLANG_CXX_LANGUAGE_STANDARD = "gnu++0x";
				CLANG_CXX_LIBRARY = "libc++";
				CLANG_ENABLE_MODULES = YES;
				CLANG_ENABLE_OBJC_ARC = YES;
				CLANG_WARN_BOOL_CONVERSION = YES;
				CLANG_WARN_CONSTANT_CONVERSION = YES;
				CLANG_WARN_DIRECT_OBJC_ISA_USAGE = YES_ERROR;
				CLANG_WARN_DOCUMENTATION_COMMENTS = YES;
				CLANG_WARN_EMPTY_BODY = YES;
				CLANG_WARN_ENUM_CONVERSION = YES;
				CLANG_WARN_INFINITE_RECURSION = YES;
				CLANG_WARN_INT_CONVERSION = YES;
				CLANG_WARN_OBJC_ROOT_CLASS = YES_ERROR;
				CLANG_WARN_SUSPICIOUS_MOVES = YES;
				CLANG_WARN_UNREACHABLE_CODE = YES;
				CLANG_WARN__DUPLICATE_METHOD_MATCH = YES;
				"CODE_SIGN_IDENTITY[sdk=iphoneos*]" = "iPhone Developer";
				COPY_PHASE_STRIP = NO;
				DEBUG_INFORMATION_FORMAT = dwarf;
				ENABLE_STRICT_OBJC_MSGSEND = YES;
				ENABLE_TESTABILITY = YES;
				GCC_C_LANGUAGE_STANDARD = gnu99;
				GCC_DYNAMIC_NO_PIC = NO;
				GCC_NO_COMMON_BLOCKS = YES;
				GCC_OPTIMIZATION_LEVEL = 0;
				GCC_PREPROCESSOR_DEFINITIONS = (
					"DEBUG=1",
					"$(inherited)",
				);
				GCC_WARN_64_TO_32_BIT_CONVERSION = YES;
				GCC_WARN_ABOUT_RETURN_TYPE = YES_ERROR;
				GCC_WARN_UNDECLARED_SELECTOR = YES;
				GCC_WARN_UNINITIALIZED_AUTOS = YES_AGGRESSIVE;
				GCC_WARN_UNUSED_FUNCTION = YES;
				GCC_WARN_UNUSED_VARIABLE = YES;
				IPHONEOS_DEPLOYMENT_TARGET = 10.1;
				MTL_ENABLE_DEBUG_INFO = YES;
				ONLY_ACTIVE_ARCH = YES;
				SDKROOT = iphoneos;
				SWIFT_ACTIVE_COMPILATION_CONDITIONS = DEBUG;
				SWIFT_OPTIMIZATION_LEVEL = "-Onone";
				TARGETED_DEVICE_FAMILY = "1,2";
			};
			name = Debug;
		};
		7B05E6E21DF485210043B8FD /* Release */ = {
			isa = XCBuildConfiguration;
			buildSettings = {
				ALWAYS_SEARCH_USER_PATHS = NO;
				CLANG_ANALYZER_NONNULL = YES;
				CLANG_CXX_LANGUAGE_STANDARD = "gnu++0x";
				CLANG_CXX_LIBRARY = "libc++";
				CLANG_ENABLE_MODULES = YES;
				CLANG_ENABLE_OBJC_ARC = YES;
				CLANG_WARN_BOOL_CONVERSION = YES;
				CLANG_WARN_CONSTANT_CONVERSION = YES;
				CLANG_WARN_DIRECT_OBJC_ISA_USAGE = YES_ERROR;
				CLANG_WARN_DOCUMENTATION_COMMENTS = YES;
				CLANG_WARN_EMPTY_BODY = YES;
				CLANG_WARN_ENUM_CONVERSION = YES;
				CLANG_WARN_INFINITE_RECURSION = YES;
				CLANG_WARN_INT_CONVERSION = YES;
				CLANG_WARN_OBJC_ROOT_CLASS = YES_ERROR;
				CLANG_WARN_SUSPICIOUS_MOVES = YES;
				CLANG_WARN_UNREACHABLE_CODE = YES;
				CLANG_WARN__DUPLICATE_METHOD_MATCH = YES;
				"CODE_SIGN_IDENTITY[sdk=iphoneos*]" = "iPhone Developer";
				COPY_PHASE_STRIP = NO;
				DEBUG_INFORMATION_FORMAT = "dwarf-with-dsym";
				ENABLE_NS_ASSERTIONS = NO;
				ENABLE_STRICT_OBJC_MSGSEND = YES;
				GCC_C_LANGUAGE_STANDARD = gnu99;
				GCC_NO_COMMON_BLOCKS = YES;
				GCC_WARN_64_TO_32_BIT_CONVERSION = YES;
				GCC_WARN_ABOUT_RETURN_TYPE = YES_ERROR;
				GCC_WARN_UNDECLARED_SELECTOR = YES;
				GCC_WARN_UNINITIALIZED_AUTOS = YES_AGGRESSIVE;
				GCC_WARN_UNUSED_FUNCTION = YES;
				GCC_WARN_UNUSED_VARIABLE = YES;
				IPHONEOS_DEPLOYMENT_TARGET = 10.1;
				MTL_ENABLE_DEBUG_INFO = NO;
				SDKROOT = iphoneos;
				SWIFT_OPTIMIZATION_LEVEL = "-Owholemodule";
				TARGETED_DEVICE_FAMILY = "1,2";
				VALIDATE_PRODUCT = YES;
			};
			name = Release;
		};
		7B05E6E41DF485210043B8FD /* Debug */ = {
			isa = XCBuildConfiguration;
			buildSettings = {
				ASSETCATALOG_COMPILER_APPICON_NAME = AppIcon;
				DEVELOPMENT_TEAM = JBZ7PHBWR2;
				INFOPLIST_FILE = WheresMyCar/Info.plist;
				IPHONEOS_DEPLOYMENT_TARGET = 10.1;
				LD_RUNPATH_SEARCH_PATHS = "$(inherited) @executable_path/Frameworks";
				PRODUCT_BUNDLE_IDENTIFIER = com.appalachian.WheresMyCar;
				PRODUCT_NAME = "$(TARGET_NAME)";
				SWIFT_VERSION = 3.0;
			};
			name = Debug;
		};
		7B05E6E51DF485210043B8FD /* Release */ = {
			isa = XCBuildConfiguration;
			buildSettings = {
				ASSETCATALOG_COMPILER_APPICON_NAME = AppIcon;
				DEVELOPMENT_TEAM = JBZ7PHBWR2;
				INFOPLIST_FILE = WheresMyCar/Info.plist;
				IPHONEOS_DEPLOYMENT_TARGET = 10.1;
				LD_RUNPATH_SEARCH_PATHS = "$(inherited) @executable_path/Frameworks";
				PRODUCT_BUNDLE_IDENTIFIER = com.appalachian.WheresMyCar;
				PRODUCT_NAME = "$(TARGET_NAME)";
				SWIFT_VERSION = 3.0;
			};
			name = Release;
		};
/* End XCBuildConfiguration section */

/* Begin XCConfigurationList section */
		7B05E6CA1DF485210043B8FD /* Build configuration list for PBXProject "WheresMyCar" */ = {
			isa = XCConfigurationList;
			buildConfigurations = (
				7B05E6E11DF485210043B8FD /* Debug */,
				7B05E6E21DF485210043B8FD /* Release */,
			);
			defaultConfigurationIsVisible = 0;
			defaultConfigurationName = Release;
		};
		7B05E6E31DF485210043B8FD /* Build configuration list for PBXNativeTarget "WheresMyCar" */ = {
			isa = XCConfigurationList;
			buildConfigurations = (
				7B05E6E41DF485210043B8FD /* Debug */,
				7B05E6E51DF485210043B8FD /* Release */,
			);
			defaultConfigurationIsVisible = 0;
			defaultConfigurationName = Release;
		};
/* End XCConfigurationList section */
	};
	rootObject = 7B05E6C71DF485210043B8FD /* Project object */;
}
